hash: 341a5e5a1236477ef701de8dd3fbf90472761737163a1f10fe9760ba565d1569
updated: 2017-05-03T11:58:28.645423568+08:00
imports:
- name: github.com/dgrijalva/jwt-go
  version: 2268707a8f0843315e2004ee4f1d021dc08baedf
- name: github.com/go-sql-driver/mysql
  version: ae5a66df4d33ba404d639bd0fc9189cd5ee79bcf
- name: github.com/gotoolkit/db
  version: c1579a0d8c91412102699717ea7ed877542024ba
  subpackages:
  - handler
  - model
- name: github.com/jinzhu/gorm
  version: 717654b31c3d51348cb305684369c20a8387154b
  subpackages:
  - dialects/mysql
- name: github.com/jinzhu/inflection
  version: 1c35d901db3da928c72a72d8458480cc9ade058f
- name: github.com/labstack/echo
  version: 1049c9613cd371b7ea8f219404c9a821734781ed
  subpackages:
  - middleware
- name: github.com/labstack/gommon
  version: 9298d710c664bcd21c454120f63a00fb7d484458
  subpackages:
  - bytes
  - color
  - log
  - random
- name: github.com/mattn/go-colorable
  version: ded68f7a9561c023e790de24279db7ebf473ea80
- name: github.com/mattn/go-isatty
  version: fc9e8d8ef48496124e79ae0df75490096eccf6fe
- name: github.com/valyala/bytebufferpool
  version: e746df99fe4a3986f4d4f79e13c1e0117ce9c2f7
- name: github.com/valyala/fasttemplate
  version: dcecefd839c4193db0d35b88ec65b4c12d360ab0
- name: golang.org/x/crypto
  version: d1464577745bc7f4e74f65be9cfbd09436a729d6
  subpackages:
  - acme
  - acme/autocert
- name: golang.org/x/sys
  version: 9ccfe848b9db8435a24c424abbc07a921adf1df5
  subpackages:
  - unix
testImports: []
